
Microsoft Visual Studio Solution File, Format Version 12.00
# Visual Studio Version 16
VisualStudioVersion = 16.0.31605.320
MinimumVisualStudioVersion = 10.0.40219.1
Project("{FAE04EC0-301F-11D3-BF4B-00C04F79EFBC}") = "ProjetoCore", "ProjetoCore.csproj", "{463006A8-D2AE-4FFB-AC3A-B85176CC1C60}"
EndProject
Global
	GlobalSection(SolutionConfigurationPlatforms) = preSolution
		Debug|Any CPU = Debug|Any CPU
		Release|Any CPU = Release|Any CPU
	EndGlobalSection
	GlobalSection(ProjectConfigurationPlatforms) = postSolution
		{463006A8-D2AE-4FFB-AC3A-B85176CC1C60}.Debug|Any CPU.ActiveCfg = Debug|Any CPU
		{463006A8-D2AE-4FFB-AC3A-B85176CC1C60}.Debug|Any CPU.Build.0 = Debug|Any CPU
		{463006A8-D2AE-4FFB-AC3A-B85176CC1C60}.Release|Any CPU.ActiveCfg = Release|Any CPU
		{463006A8-D2AE-4FFB-AC3A-B85176CC1C60}.Release|Any CPU.Build.0 = Release|Any CPU
	EndGlobalSection
	GlobalSection(SolutionProperties) = preSolution
		HideSolutionNode = FALSE
	EndGlobalSection
	GlobalSection(ExtensibilityGlobals) = postSolution
		SolutionGuid = {E3F8096A-3180-4492-BA78-1F244DAF1AFD}
	EndGlobalSection
EndGlobal
